// !$*UTF8*$!
{
	archiveVersion = 1;
	classes = {
	};
	objectVersion = 55;
	objects = {

/* Begin PBXBuildFile section */
		446FEDB5294882BC00F507B2 /* AppDelegate.swift in Sources */ = {isa = PBXBuildFile; fileRef = 446FEDB4294882BC00F507B2 /* AppDelegate.swift */; };
		446FEDB7294882BC00F507B2 /* SceneDelegate.swift in Sources */ = {isa = PBXBuildFile; fileRef = 446FEDB6294882BC00F507B2 /* SceneDelegate.swift */; };
		446FEDB9294882BC00F507B2 /* ViewController.swift in Sources */ = {isa = PBXBuildFile; fileRef = 446FEDB8294882BC00F507B2 /* ViewController.swift */; };
		446FEDBC294882BC00F507B2 /* Main.storyboard in Resources */ = {isa = PBXBuildFile; fileRef = 446FEDBA294882BC00F507B2 /* Main.storyboard */; };
		446FEDBE294882BE00F507B2 /* Assets.xcassets in Resources */ = {isa = PBXBuildFile; fileRef = 446FEDBD294882BE00F507B2 /* Assets.xcassets */; };
		446FEDC1294882BE00F507B2 /* LaunchScreen.storyboard in Resources */ = {isa = PBXBuildFile; fileRef = 446FEDBF294882BE00F507B2 /* LaunchScreen.storyboard */; };
		446FEDCC294882BF00F507B2 /* DYZBTests.swift in Sources */ = {isa = PBXBuildFile; fileRef = 446FEDCB294882BF00F507B2 /* DYZBTests.swift */; };
		446FEDD6294882BF00F507B2 /* DYZBUITests.swift in Sources */ = {isa = PBXBuildFile; fileRef = 446FEDD5294882BF00F507B2 /* DYZBUITests.swift */; };
		446FEDD8294882BF00F507B2 /* DYZBUITestsLaunchTests.swift in Sources */ = {isa = PBXBuildFile; fileRef = 446FEDD7294882BF00F507B2 /* DYZBUITestsLaunchTests.swift */; };
/* End PBXBuildFile section */

/* Begin PBXContainerItemProxy section */
		446FEDC8294882BF00F507B2 /* PBXContainerItemProxy */ = {
			isa = PBXContainerItemProxy;
			containerPortal = 446FEDA9294882BC00F507B2 /* Project object */;
			proxyType = 1;
			remoteGlobalIDString = 446FEDB0294882BC00F507B2;
			remoteInfo = DYZB;
		};
		446FEDD2294882BF00F507B2 /* PBXContainerItemProxy */ = {
			isa = PBXContainerItemProxy;
			containerPortal = 446FEDA9294882BC00F507B2 /* Project object */;
			proxyType = 1;
			remoteGlobalIDString = 446FEDB0294882BC00F507B2;
			remoteInfo = DYZB;
		};
/* End PBXContainerItemProxy section */

/* Begin PBXFileReference section */
		446FEDB1294882BC00F507B2 /* DYZB.app */ = {isa = PBXFileReference; explicitFileType = wrapper.application; includeInIndex = 0; path = DYZB.app; sourceTree = BUILT_PRODUCTS_DIR; };
		446FEDB4294882BC00F507B2 /* AppDelegate.swift */ = {isa = PBXFileReference; lastKnownFileType = sourcecode.swift; path = AppDelegate.swift; sourceTree = "<group>"; };
		446FEDB6294882BC00F507B2 /* SceneDelegate.swift */ = {isa = PBXFileReference; lastKnownFileType = sourcecode.swift; path = SceneDelegate.swift; sourceTree = "<group>"; };
		446FEDB8294882BC00F507B2 /* ViewController.swift */ = {isa = PBXFileReference; lastKnownFileType = sourcecode.swift; path = ViewController.swift; sourceTree = "<group>"; };
		446FEDBB294882BC00F507B2 /* Base */ = {isa = PBXFileReference; lastKnownFileType = file.storyboard; name = Base; path = Base.lproj/Main.storyboard; sourceTree = "<group>"; };
		446FEDBD294882BE00F507B2 /* Assets.xcassets */ = {isa = PBXFileReference; lastKnownFileType = folder.assetcatalog; path = Assets.xcassets; sourceTree = "<group>"; };
		446FEDC0294882BE00F507B2 /* Base */ = {isa = PBXFileReference; lastKnownFileType = file.storyboard; name = Base; path = Base.lproj/LaunchScreen.storyboard; sourceTree = "<group>"; };
		446FEDC2294882BE00F507B2 /* Info.plist */ = {isa = PBXFileReference; lastKnownFileType = text.plist.xml; path = Info.plist; sourceTree = "<group>"; };
		446FEDC7294882BF00F507B2 /* DYZBTests.xctest */ = {isa = PBXFileReference; explicitFileType = wrapper.cfbundle; includeInIndex = 0; path = DYZBTests.xctest; sourceTree = BUILT_PRODUCTS_DIR; };
		446FEDCB294882BF00F507B2 /* DYZBTests.swift */ = {isa = PBXFileReference; lastKnownFileType = sourcecode.swift; path = DYZBTests.swift; sourceTree = "<group>"; };
		446FEDD1294882BF00F507B2 /* DYZBUITests.xctest */ = {isa = PBXFileReference; explicitFileType = wrapper.cfbundle; includeInIndex = 0; path = DYZBUITests.xctest; sourceTree = BUILT_PRODUCTS_DIR; };
		446FEDD5294882BF00F507B2 /* DYZBUITests.swift */ = {isa = PBXFileReference; lastKnownFileType = sourcecode.swift; path = DYZBUITests.swift; sourceTree = "<group>"; };
		446FEDD7294882BF00F507B2 /* DYZBUITestsLaunchTests.swift */ = {isa = PBXFileReference; lastKnownFileType = sourcecode.swift; path = DYZBUITestsLaunchTests.swift; sourceTree = "<group>"; };
/* End PBXFileReference section */

/* Begin PBXFrameworksBuildPhase section */
		446FEDAE294882BC00F507B2 /* Frameworks */ = {
			isa = PBXFrameworksBuildPhase;
			buildActionMask = 2147483647;
			files = (
			);
			runOnlyForDeploymentPostprocessing = 0;
		};
		446FEDC4294882BF00F507B2 /* Frameworks */ = {
			isa = PBXFrameworksBuildPhase;
			buildActionMask = 2147483647;
			files = (
			);
			runOnlyForDeploymentPostprocessing = 0;
		};
		446FEDCE294882BF00F507B2 /* Frameworks */ = {
			isa = PBXFrameworksBuildPhase;
			buildActionMask = 2147483647;
			files = (
			);
			runOnlyForDeploymentPostprocessing = 0;
		};
/* End PBXFrameworksBuildPhase section */

/* Begin PBXGroup section */
		446FEDA8294882BC00F507B2 = {
			isa = PBXGroup;
			children = (
				446FEDB3294882BC00F507B2 /* DYZB */,
				446FEDCA294882BF00F507B2 /* DYZBTests */,
				446FEDD4294882BF00F507B2 /* DYZBUITests */,
				446FEDB2294882BC00F507B2 /* Products */,
			);
			sourceTree = "<group>";
		};
		446FEDB2294882BC00F507B2 /* Products */ = {
			isa = PBXGroup;
			children = (
				446FEDB1294882BC00F507B2 /* DYZB.app */,
				446FEDC7294882BF00F507B2 /* DYZBTests.xctest */,
				446FEDD1294882BF00F507B2 /* DYZBUITests.xctest */,
			);
			name = Products;
			sourceTree = "<group>";
		};
		446FEDB3294882BC00F507B2 /* DYZB */ = {
			isa = PBXGroup;
			children = (
				446FEDB4294882BC00F507B2 /* AppDelegate.swift */,
				446FEDB6294882BC00F507B2 /* SceneDelegate.swift */,
				446FEDB8294882BC00F507B2 /* ViewController.swift */,
				446FEDBA294882BC00F507B2 /* Main.storyboard */,
				446FEDBD294882BE00F507B2 /* Assets.xcassets */,
				446FEDBF294882BE00F507B2 /* LaunchScreen.storyboard */,
				446FEDC2294882BE00F507B2 /* Info.plist */,
			);
			path = DYZB;
			sourceTree = "<group>";
		};
		446FEDCA294882BF00F507B2 /* DYZBTests */ = {
			isa = PBXGroup;
			children = (
				446FEDCB294882BF00F507B2 /* DYZBTests.swift */,
			);
			path = DYZBTests;
			sourceTree = "<group>";
		};
		446FEDD4294882BF00F507B2 /* DYZBUITests */ = {
			isa = PBXGroup;
			children = (
				446FEDD5294882BF00F507B2 /* DYZBUITests.swift */,
				446FEDD7294882BF00F507B2 /* DYZBUITestsLaunchTests.swift */,
			);
			path = DYZBUITests;
			sourceTree = "<group>";
		};
/* End PBXGroup section */

/* Begin PBXNativeTarget section */
		446FEDB0294882BC00F507B2 /* DYZB */ = {
			isa = PBXNativeTarget;
			buildConfigurationList = 446FEDDB294882BF00F507B2 /* Build configuration list for PBXNativeTarget "DYZB" */;
			buildPhases = (
				446FEDAD294882BC00F507B2 /* Sources */,
				446FEDAE294882BC00F507B2 /* Frameworks */,
				446FEDAF294882BC00F507B2 /* Resources */,
			);
			buildRules = (
			);
			dependencies = (
			);
			name = DYZB;
			productName = DYZB;
			productReference = 446FEDB1294882BC00F507B2 /* DYZB.app */;
			productType = "com.apple.product-type.application";
		};
		446FEDC6294882BF00F507B2 /* DYZBTests */ = {
			isa = PBXNativeTarget;
			buildConfigurationList = 446FEDDE294882BF00F507B2 /* Build configuration list for PBXNativeTarget "DYZBTests" */;
			buildPhases = (
				446FEDC3294882BF00F507B2 /* Sources */,
				446FEDC4294882BF00F507B2 /* Frameworks */,
				446FEDC5294882BF00F507B2 /* Resources */,
			);
			buildRules = (
			);
			dependencies = (
				446FEDC9294882BF00F507B2 /* PBXTargetDependency */,
			);
			name = DYZBTests;
			productName = DYZBTests;
			productReference = 446FEDC7294882BF00F507B2 /* DYZBTests.xctest */;
			productType = "com.apple.product-type.bundle.unit-test";
		};
		446FEDD0294882BF00F507B2 /* DYZBUITests */ = {
			isa = PBXNativeTarget;
			buildConfigurationList = 446FEDE1294882BF00F507B2 /* Build configuration list for PBXNativeTarget "DYZBUITests" */;
			buildPhases = (
				446FEDCD294882BF00F507B2 /* Sources */,
				446FEDCE294882BF00F507B2 /* Frameworks */,
				446FEDCF294882BF00F507B2 /* Resources */,
			);
			buildRules = (
			);
			dependencies = (
				446FEDD3294882BF00F507B2 /* PBXTargetDependency */,
			);
			name = DYZBUITests;
			productName = DYZBUITests;
			productReference = 446FEDD1294882BF00F507B2 /* DYZBUITests.xctest */;
			productType = "com.apple.product-type.bundle.ui-testing";
		};
/* End PBXNativeTarget section */

/* Begin PBXProject section */
		446FEDA9294882BC00F507B2 /* Project object */ = {
			isa = PBXProject;
			attributes = {
				BuildIndependentTargetsInParallel = 1;
				LastSwiftUpdateCheck = 1330;
				LastUpgradeCheck = 1330;
				TargetAttributes = {
					446FEDB0294882BC00F507B2 = {
						CreatedOnToolsVersion = 13.3;
					};
					446FEDC6294882BF00F507B2 = {
						CreatedOnToolsVersion = 13.3;
						TestTargetID = 446FEDB0294882BC00F507B2;
					};
					446FEDD0294882BF00F507B2 = {
						CreatedOnToolsVersion = 13.3;
						TestTargetID = 446FEDB0294882BC00F507B2;
					};
				};
			};
			buildConfigurationList = 446FEDAC294882BC00F507B2 /* Build configuration list for PBXProject "DYZB" */;
			compatibilityVersion = "Xcode 13.0";
			developmentRegion = en;
			hasScannedForEncodings = 0;
			knownRegions = (
				en,
				Base,
			);
			mainGroup = 446FEDA8294882BC00F507B2;
			productRefGroup = 446FEDB2294882BC00F507B2 /* Products */;
			projectDirPath = "";
			projectRoot = "";
			targets = (
				446FEDB0294882BC00F507B2 /* DYZB */,
				446FEDC6294882BF00F507B2 /* DYZBTests */,
				446FEDD0294882BF00F507B2 /* DYZBUITests */,
			);
		};
/* End PBXProject section */

/* Begin PBXResourcesBuildPhase section */
		446FEDAF294882BC00F507B2 /* Resources */ = {
			isa = PBXResourcesBuildPhase;
			buildActionMask = 2147483647;
			files = (
				446FEDC1294882BE00F507B2 /* LaunchScreen.storyboard in Resources */,
				446FEDBE294882BE00F507B2 /* Assets.xcassets in Resources */,
				446FEDBC294882BC00F507B2 /* Main.storyboard in Resources */,
			);
			runOnlyForDeploymentPostprocessing = 0;
		};
		446FEDC5294882BF00F507B2 /* Resources */ = {
			isa = PBXResourcesBuildPhase;
			buildActionMask = 2147483647;
			files = (
			);
			runOnlyForDeploymentPostprocessing = 0;
		};
		446FEDCF294882BF00F507B2 /* Resources */ = {
			isa = PBXResourcesBuildPhase;
			buildActionMask = 2147483647;
			files = (
			);
			runOnlyForDeploymentPostprocessing = 0;
		};
/* End PBXResourcesBuildPhase section */

/* Begin PBXSourcesBuildPhase section */
		446FEDAD294882BC00F507B2 /* Sources */ = {
			isa = PBXSourcesBuildPhase;
			buildActionMask = 2147483647;
			files = (
				446FEDB9294882BC00F507B2 /* ViewController.swift in Sources */,
				446FEDB5294882BC00F507B2 /* AppDelegate.swift in Sources */,
				446FEDB7294882BC00F507B2 /* SceneDelegate.swift in Sources */,
			);
			runOnlyForDeploymentPostprocessing = 0;
		};
		446FEDC3294882BF00F507B2 /* Sources */ = {
			isa = PBXSourcesBuildPhase;
			buildActionMask = 2147483647;
			files = (
				446FEDCC294882BF00F507B2 /* DYZBTests.swift in Sources */,
			);
			runOnlyForDeploymentPostprocessing = 0;
		};
		446FEDCD294882BF00F507B2 /* Sources */ = {
			isa = PBXSourcesBuildPhase;
			buildActionMask = 2147483647;
			files = (
				446FEDD6294882BF00F507B2 /* DYZBUITests.swift in Sources */,
				446FEDD8294882BF00F507B2 /* DYZBUITestsLaunchTests.swift in Sources */,
			);
			runOnlyForDeploymentPostprocessing = 0;
		};
/* End PBXSourcesBuildPhase section */

/* Begin PBXTargetDependency section */
		446FEDC9294882BF00F507B2 /* PBXTargetDependency */ = {
			isa = PBXTargetDependency;
			target = 446FEDB0294882BC00F507B2 /* DYZB */;
			targetProxy = 446FEDC8294882BF00F507B2 /* PBXContainerItemProxy */;
		};
		446FEDD3294882BF00F507B2 /* PBXTargetDependency */ = {
			isa = PBXTargetDependency;
			target = 446FEDB0294882BC00F507B2 /* DYZB */;
			targetProxy = 446FEDD2294882BF00F507B2 /* PBXContainerItemProxy */;
		};
/* End PBXTargetDependency section */

/* Begin PBXVariantGroup section */
		446FEDBA294882BC00F507B2 /* Main.storyboard */ = {
			isa = PBXVariantGroup;
			children = (
				446FEDBB294882BC00F507B2 /* Base */,
			);
			name = Main.storyboard;
			sourceTree = "<group>";
		};
		446FEDBF294882BE00F507B2 /* LaunchScreen.storyboard */ = {
			isa = PBXVariantGroup;
			children = (
				446FEDC0294882BE00F507B2 /* Base */,
			);
			name = LaunchScreen.storyboard;
			sourceTree = "<group>";
		};
/* End PBXVariantGroup section */

/* Begin XCBuildConfiguration section */
		446FEDD9294882BF00F507B2 /* Debug */ = {
			isa = XCBuildConfiguration;
			buildSettings = {
				ALWAYS_SEARCH_USER_PATHS = NO;
				CLANG_ANALYZER_NONNULL = YES;
				CLANG_ANALYZER_NUMBER_OBJECT_CONVERSION = YES_AGGRESSIVE;
				CLANG_CXX_LANGUAGE_STANDARD = "gnu++17";
				CLANG_ENABLE_MODULES = YES;
				CLANG_ENABLE_OBJC_ARC = YES;
				CLANG_ENABLE_OBJC_WEAK = YES;
				CLANG_WARN_BLOCK_CAPTURE_AUTORELEASING = YES;
				CLANG_WARN_BOOL_CONVERSION = YES;
				CLANG_WARN_COMMA = YES;
				CLANG_WARN_CONSTANT_CONVERSION = YES;
				CLANG_WARN_DEPRECATED_OBJC_IMPLEMENTATIONS = YES;
				CLANG_WARN_DIRECT_OBJC_ISA_USAGE = YES_ERROR;
				CLANG_WARN_DOCUMENTATION_COMMENTS = YES;
				CLANG_WARN_EMPTY_BODY = YES;
				CLANG_WARN_ENUM_CONVERSION = YES;
				CLANG_WARN_INFINITE_RECURSION = YES;
				CLANG_WARN_INT_CONVERSION = YES;
				CLANG_WARN_NON_LITERAL_NULL_CONVERSION = YES;
				CLANG_WARN_OBJC_IMPLICIT_RETAIN_SELF = YES;
				CLANG_WARN_OBJC_LITERAL_CONVERSION = YES;
				CLANG_WARN_OBJC_ROOT_CLASS = YES_ERROR;
				CLANG_WARN_QUOTED_INCLUDE_IN_FRAMEWORK_HEADER = YES;
				CLANG_WARN_RANGE_LOOP_ANALYSIS = YES;
				CLANG_WARN_STRICT_PROTOTYPES = YES;
				CLANG_WARN_SUSPICIOUS_MOVE = YES;
				CLANG_WARN_UNGUARDED_AVAILABILITY = YES_AGGRESSIVE;
				CLANG_WARN_UNREACHABLE_CODE = YES;
				CLANG_WARN__DUPLICATE_METHOD_MATCH = YES;
				COPY_PHASE_STRIP = NO;
				DEBUG_INFORMATION_FORMAT = dwarf;
				ENABLE_STRICT_OBJC_MSGSEND = YES;
				ENABLE_TESTABILITY = YES;
				GCC_C_LANGUAGE_STANDARD = gnu11;
				GCC_DYNAMIC_NO_PIC = NO;
				GCC_NO_COMMON_BLOCKS = YES;
				GCC_OPTIMIZATION_LEVEL = 0;
				GCC_PREPROCESSOR_DEFINITIONS = (
					"DEBUG=1",
					"$(inherited)",
				);
				GCC_WARN_64_TO_32_BIT_CONVERSION = YES;
				GCC_WARN_ABOUT_RETURN_TYPE = YES_ERROR;
				GCC_WARN_UNDECLARED_SELECTOR = YES;
				GCC_WARN_UNINITIALIZED_AUTOS = YES_AGGRESSIVE;
				GCC_WARN_UNUSED_FUNCTION = YES;
				GCC_WARN_UNUSED_VARIABLE = YES;
				IPHONEOS_DEPLOYMENT_TARGET = 15.4;
				MTL_ENABLE_DEBUG_INFO = INCLUDE_SOURCE;
				MTL_FAST_MATH = YES;
				ONLY_ACTIVE_ARCH = YES;
				SDKROOT = iphoneos;
				SWIFT_ACTIVE_COMPILATION_CONDITIONS = DEBUG;
				SWIFT_OPTIMIZATION_LEVEL = "-Onone";
			};
			name = Debug;
		};
		446FEDDA294882BF00F507B2 /* Release */ = {
			isa = XCBuildConfiguration;
			buildSettings = {
				ALWAYS_SEARCH_USER_PATHS = NO;
				CLANG_ANALYZER_NONNULL = YES;
				CLANG_ANALYZER_NUMBER_OBJECT_CONVERSION = YES_AGGRESSIVE;
				CLANG_CXX_LANGUAGE_STANDARD = "gnu++17";
				CLANG_ENABLE_MODULES = YES;
				CLANG_ENABLE_OBJC_ARC = YES;
				CLANG_ENABLE_OBJC_WEAK = YES;
				CLANG_WARN_BLOCK_CAPTURE_AUTORELEASING = YES;
				CLANG_WARN_BOOL_CONVERSION = YES;
				CLANG_WARN_COMMA = YES;
				CLANG_WARN_CONSTANT_CONVERSION = YES;
				CLANG_WARN_DEPRECATED_OBJC_IMPLEMENTATIONS = YES;
				CLANG_WARN_DIRECT_OBJC_ISA_USAGE = YES_ERROR;
				CLANG_WARN_DOCUMENTATION_COMMENTS = YES;
				CLANG_WARN_EMPTY_BODY = YES;
				CLANG_WARN_ENUM_CONVERSION = YES;
				CLANG_WARN_INFINITE_RECURSION = YES;
				CLANG_WARN_INT_CONVERSION = YES;
				CLANG_WARN_NON_LITERAL_NULL_CONVERSION = YES;
				CLANG_WARN_OBJC_IMPLICIT_RETAIN_SELF = YES;
				CLANG_WARN_OBJC_LITERAL_CONVERSION = YES;
				CLANG_WARN_OBJC_ROOT_CLASS = YES_ERROR;
				CLANG_WARN_QUOTED_INCLUDE_IN_FRAMEWORK_HEADER = YES;
				CLANG_WARN_RANGE_LOOP_ANALYSIS = YES;
				CLANG_WARN_STRICT_PROTOTYPES = YES;
				CLANG_WARN_SUSPICIOUS_MOVE = YES;
				CLANG_WARN_UNGUARDED_AVAILABILITY = YES_AGGRESSIVE;
				CLANG_WARN_UNREACHABLE_CODE = YES;
				CLANG_WARN__DUPLICATE_METHOD_MATCH = YES;
				COPY_PHASE_STRIP = NO;
				DEBUG_INFORMATION_FORMAT = "dwarf-with-dsym";
				ENABLE_NS_ASSERTIONS = NO;
				ENABLE_STRICT_OBJC_MSGSEND = YES;
				GCC_C_LANGUAGE_STANDARD = gnu11;
				GCC_NO_COMMON_BLOCKS = YES;
				GCC_WARN_64_TO_32_BIT_CONVERSION = YES;
				GCC_WARN_ABOUT_RETURN_TYPE = YES_ERROR;
				GCC_WARN_UNDECLARED_SELECTOR = YES;
				GCC_WARN_UNINITIALIZED_AUTOS = YES_AGGRESSIVE;
				GCC_WARN_UNUSED_FUNCTION = YES;
				GCC_WARN_UNUSED_VARIABLE = YES;
				IPHONEOS_DEPLOYMENT_TARGET = 15.4;
				MTL_ENABLE_DEBUG_INFO = NO;
				MTL_FAST_MATH = YES;
				SDKROOT = iphoneos;
				SWIFT_COMPILATION_MODE = wholemodule;
				SWIFT_OPTIMIZATION_LEVEL = "-O";
				VALIDATE_PRODUCT = YES;
			};
			name = Release;
		};
		446FEDDC294882BF00F507B2 /* Debug */ = {
			isa = XCBuildConfiguration;
			buildSettings = {
				ASSETCATALOG_COMPILER_APPICON_NAME = AppIcon;
				ASSETCATALOG_COMPILER_GLOBAL_ACCENT_COLOR_NAME = AccentColor;
				CODE_SIGN_STYLE = Automatic;
				CURRENT_PROJECT_VERSION = 1;
				DEVELOPMENT_TEAM = 5X7L8AJNG9;
				GENERATE_INFOPLIST_FILE = YES;
				INFOPLIST_FILE = DYZB/Info.plist;
				INFOPLIST_KEY_UIApplicationSupportsIndirectInputEvents = YES;
				INFOPLIST_KEY_UILaunchStoryboardName = LaunchScreen;
				INFOPLIST_KEY_UIMainStoryboardFile = Main;
				INFOPLIST_KEY_UISupportedInterfaceOrientations_iPad = "UIInterfaceOrientationPortrait UIInterfaceOrientationPortraitUpsideDown UIInterfaceOrientationLandscapeLeft UIInterfaceOrientationLandscapeRight";
				INFOPLIST_KEY_UISupportedInterfaceOrientations_iPhone = "UIInterfaceOrientationPortrait UIInterfaceOrientationLandscapeLeft UIInterfaceOrientationLandscapeRight";
				LD_RUNPATH_SEARCH_PATHS = (
					"$(inherited)",
					"@executable_path/Frameworks",
				);
				MARKETING_VERSION = 1.0;
				PRODUCT_BUNDLE_IDENTIFIER = leijunbo.DYZB;
				PRODUCT_NAME = "$(TARGET_NAME)";
				SWIFT_EMIT_LOC_STRINGS = YES;
				SWIFT_VERSION = 5.0;
				TARGETED_DEVICE_FAMILY = "1,2";
			};
			name = Debug;
		};
		446FEDDD294882BF00F507B2 /* Release */ = {
			isa = XCBuildConfiguration;
			buildSettings = {
				ASSETCATALOG_COMPILER_APPICON_NAME = AppIcon;
				ASSETCATALOG_COMPILER_GLOBAL_ACCENT_COLOR_NAME = AccentColor;
				CODE_SIGN_STYLE = Automatic;
				CURRENT_PROJECT_VERSION = 1;
				DEVELOPMENT_TEAM = 5X7L8AJNG9;
				GENERATE_INFOPLIST_FILE = YES;
				INFOPLIST_FILE = DYZB/Info.plist;
				INFOPLIST_KEY_UIApplicationSupportsIndirectInputEvents = YES;
				INFOPLIST_KEY_UILaunchStoryboardName = LaunchScreen;
				INFOPLIST_KEY_UIMainStoryboardFile = Main;
				INFOPLIST_KEY_UISupportedInterfaceOrientations_iPad = "UIInterfaceOrientationPortrait UIInterfaceOrientationPortraitUpsideDown UIInterfaceOrientationLandscapeLeft UIInterfaceOrientationLandscapeRight";
				INFOPLIST_KEY_UISupportedInterfaceOrientations_iPhone = "UIInterfaceOrientationPortrait UIInterfaceOrientationLandscapeLeft UIInterfaceOrientationLandscapeRight";
				LD_RUNPATH_SEARCH_PATHS = (
					"$(inherited)",
					"@executable_path/Frameworks",
				);
				MARKETING_VERSION = 1.0;
				PRODUCT_BUNDLE_IDENTIFIER = leijunbo.DYZB;
				PRODUCT_NAME = "$(TARGET_NAME)";
				SWIFT_EMIT_LOC_STRINGS = YES;
				SWIFT_VERSION = 5.0;
				TARGETED_DEVICE_FAMILY = "1,2";
			};
			name = Release;
		};
		446FEDDF294882BF00F507B2 /* Debug */ = {
			isa = XCBuildConfiguration;
			buildSettings = {
				ALWAYS_EMBED_SWIFT_STANDARD_LIBRARIES = YES;
				BUNDLE_LOADER = "$(TEST_HOST)";
				CODE_SIGN_STYLE = Automatic;
				CURRENT_PROJECT_VERSION = 1;
				DEVELOPMENT_TEAM = 5X7L8AJNG9;
				GENERATE_INFOPLIST_FILE = YES;
				IPHONEOS_DEPLOYMENT_TARGET = 15.4;
				MARKETING_VERSION = 1.0;
				PRODUCT_BUNDLE_IDENTIFIER = leijunbo.DYZBTests;
				PRODUCT_NAME = "$(TARGET_NAME)";
				SWIFT_EMIT_LOC_STRINGS = NO;
				SWIFT_VERSION = 5.0;
				TARGETED_DEVICE_FAMILY = "1,2";
				TEST_HOST = "$(BUILT_PRODUCTS_DIR)/DYZB.app/DYZB";
			};
			name = Debug;
		};
		446FEDE0294882BF00F507B2 /* Release */ = {
			isa = XCBuildConfiguration;
			buildSettings = {
				ALWAYS_EMBED_SWIFT_STANDARD_LIBRARIES = YES;
				BUNDLE_LOADER = "$(TEST_HOST)";
				CODE_SIGN_STYLE = Automatic;
				CURRENT_PROJECT_VERSION = 1;
				DEVELOPMENT_TEAM = 5X7L8AJNG9;
				GENERATE_INFOPLIST_FILE = YES;
				IPHONEOS_DEPLOYMENT_TARGET = 15.4;
				MARKETING_VERSION = 1.0;
				PRODUCT_BUNDLE_IDENTIFIER = leijunbo.DYZBTests;
				PRODUCT_NAME = "$(TARGET_NAME)";
				SWIFT_EMIT_LOC_STRINGS = NO;
				SWIFT_VERSION = 5.0;
				TARGETED_DEVICE_FAMILY = "1,2";
				TEST_HOST = "$(BUILT_PRODUCTS_DIR)/DYZB.app/DYZB";
			};
			name = Release;
		};
		446FEDE2294882BF00F507B2 /* Debug */ = {
			isa = XCBuildConfiguration;
			buildSettings = {
				ALWAYS_EMBED_SWIFT_STANDARD_LIBRARIES = YES;
				CODE_SIGN_STYLE = Automatic;
				CURRENT_PROJECT_VERSION = 1;
				DEVELOPMENT_TEAM = 5X7L8AJNG9;
				GENERATE_INFOPLIST_FILE = YES;
				MARKETING_VERSION = 1.0;
				PRODUCT_BUNDLE_IDENTIFIER = leijunbo.DYZBUITests;
				PRODUCT_NAME = "$(TARGET_NAME)";
				SWIFT_EMIT_LOC_STRINGS = NO;
				SWIFT_VERSION = 5.0;
				TARGETED_DEVICE_FAMILY = "1,2";
				TEST_TARGET_NAME = DYZB;
			};
			name = Debug;
		};
		446FEDE3294882BF00F507B2 /* Release */ = {
			isa = XCBuildConfiguration;
			buildSettings = {
				ALWAYS_EMBED_SWIFT_STANDARD_LIBRARIES = YES;
				CODE_SIGN_STYLE = Automatic;
				CURRENT_PROJECT_VERSION = 1;
				DEVELOPMENT_TEAM = 5X7L8AJNG9;
				GENERATE_INFOPLIST_FILE = YES;
				MARKETING_VERSION = 1.0;
				PRODUCT_BUNDLE_IDENTIFIER = leijunbo.DYZBUITests;
				PRODUCT_NAME = "$(TARGET_NAME)";
				SWIFT_EMIT_LOC_STRINGS = NO;
				SWIFT_VERSION = 5.0;
				TARGETED_DEVICE_FAMILY = "1,2";
				TEST_TARGET_NAME = DYZB;
			};
			name = Release;
		};
/* End XCBuildConfiguration section */

/* Begin XCConfigurationList section */
		446FEDAC294882BC00F507B2 /* Build configuration list for PBXProject "DYZB" */ = {
			isa = XCConfigurationList;
			buildConfigurations = (
				446FEDD9294882BF00F507B2 /* Debug */,
				446FEDDA294882BF00F507B2 /* Release */,
			);
			defaultConfigurationIsVisible = 0;
			defaultConfigurationName = Release;
		};
		446FEDDB294882BF00F507B2 /* Build configuration list for PBXNativeTarget "DYZB" */ = {
			isa = XCConfigurationList;
			buildConfigurations = (
				446FEDDC294882BF00F507B2 /* Debug */,
				446FEDDD294882BF00F507B2 /* Release */,
			);
			defaultConfigurationIsVisible = 0;
			defaultConfigurationName = Release;
		};
		446FEDDE294882BF00F507B2 /* Build configuration list for PBXNativeTarget "DYZBTests" */ = {
			isa = XCConfigurationList;
			buildConfigurations = (
				446FEDDF294882BF00F507B2 /* Debug */,
				446FEDE0294882BF00F507B2 /* Release */,
			);
			defaultConfigurationIsVisible = 0;
			defaultConfigurationName = Release;
		};
		446FEDE1294882BF00F507B2 /* Build configuration list for PBXNativeTarget "DYZBUITests" */ = {
			isa = XCConfigurationList;
			buildConfigurations = (
				446FEDE2294882BF00F507B2 /* Debug */,
				446FEDE3294882BF00F507B2 /* Release */,
			);
			defaultConfigurationIsVisible = 0;
			defaultConfigurationName = Release;
		};
/* End XCConfigurationList section */
	};
	rootObject = 446FEDA9294882BC00F507B2 /* Project object */;
}
