// !$*UTF8*$!
{
	archiveVersion = 1;
	classes = {
	};
	objectVersion = 55;
	objects = {

/* Begin PBXBuildFile section */
		446FEDF129496DD400F507B2 /* AppDelegate.swift in Sources */ = {isa = PBXBuildFile; fileRef = 446FEDF029496DD400F507B2 /* AppDelegate.swift */; };
		446FEDF829496DD400F507B2 /* Main.storyboard in Resources */ = {isa = PBXBuildFile; fileRef = 446FEDF629496DD400F507B2 /* Main.storyboard */; };
		446FEDFA29496DD600F507B2 /* Assets.xcassets in Resources */ = {isa = PBXBuildFile; fileRef = 446FEDF929496DD600F507B2 /* Assets.xcassets */; };
		446FEDFD29496DD600F507B2 /* LaunchScreen.storyboard in Resources */ = {isa = PBXBuildFile; fileRef = 446FEDFB29496DD600F507B2 /* LaunchScreen.storyboard */; };
		446FEE0829496DD700F507B2 /* DYZBTests.swift in Sources */ = {isa = PBXBuildFile; fileRef = 446FEE0729496DD700F507B2 /* DYZBTests.swift */; };
		446FEE1229496DD700F507B2 /* DYZBUITests.swift in Sources */ = {isa = PBXBuildFile; fileRef = 446FEE1129496DD700F507B2 /* DYZBUITests.swift */; };
		446FEE1429496DD700F507B2 /* DYZBUITestsLaunchTests.swift in Sources */ = {isa = PBXBuildFile; fileRef = 446FEE1329496DD700F507B2 /* DYZBUITestsLaunchTests.swift */; };
/* End PBXBuildFile section */

/* Begin PBXContainerItemProxy section */
		446FEE0429496DD700F507B2 /* PBXContainerItemProxy */ = {
			isa = PBXContainerItemProxy;
			containerPortal = 446FEDE529496DD400F507B2 /* Project object */;
			proxyType = 1;
			remoteGlobalIDString = 446FEDEC29496DD400F507B2;
			remoteInfo = DYZB;
		};
		446FEE0E29496DD700F507B2 /* PBXContainerItemProxy */ = {
			isa = PBXContainerItemProxy;
			containerPortal = 446FEDE529496DD400F507B2 /* Project object */;
			proxyType = 1;
			remoteGlobalIDString = 446FEDEC29496DD400F507B2;
			remoteInfo = DYZB;
		};
/* End PBXContainerItemProxy section */

/* Begin PBXFileReference section */
		446FEDED29496DD400F507B2 /* DYZB.app */ = {isa = PBXFileReference; explicitFileType = wrapper.application; includeInIndex = 0; path = DYZB.app; sourceTree = BUILT_PRODUCTS_DIR; };
		446FEDF029496DD400F507B2 /* AppDelegate.swift */ = {isa = PBXFileReference; lastKnownFileType = sourcecode.swift; path = AppDelegate.swift; sourceTree = "<group>"; };
		446FEDF729496DD400F507B2 /* Base */ = {isa = PBXFileReference; lastKnownFileType = file.storyboard; name = Base; path = Base.lproj/Main.storyboard; sourceTree = "<group>"; };
		446FEDF929496DD600F507B2 /* Assets.xcassets */ = {isa = PBXFileReference; lastKnownFileType = folder.assetcatalog; path = Assets.xcassets; sourceTree = "<group>"; };
		446FEDFC29496DD600F507B2 /* Base */ = {isa = PBXFileReference; lastKnownFileType = file.storyboard; name = Base; path = Base.lproj/LaunchScreen.storyboard; sourceTree = "<group>"; };
		446FEDFE29496DD600F507B2 /* Info.plist */ = {isa = PBXFileReference; lastKnownFileType = text.plist.xml; path = Info.plist; sourceTree = "<group>"; };
		446FEE0329496DD700F507B2 /* DYZBTests.xctest */ = {isa = PBXFileReference; explicitFileType = wrapper.cfbundle; includeInIndex = 0; path = DYZBTests.xctest; sourceTree = BUILT_PRODUCTS_DIR; };
		446FEE0729496DD700F507B2 /* DYZBTests.swift */ = {isa = PBXFileReference; lastKnownFileType = sourcecode.swift; path = DYZBTests.swift; sourceTree = "<group>"; };
		446FEE0D29496DD700F507B2 /* DYZBUITests.xctest */ = {isa = PBXFileReference; explicitFileType = wrapper.cfbundle; includeInIndex = 0; path = DYZBUITests.xctest; sourceTree = BUILT_PRODUCTS_DIR; };
		446FEE1129496DD700F507B2 /* DYZBUITests.swift */ = {isa = PBXFileReference; lastKnownFileType = sourcecode.swift; path = DYZBUITests.swift; sourceTree = "<group>"; };
		446FEE1329496DD700F507B2 /* DYZBUITestsLaunchTests.swift */ = {isa = PBXFileReference; lastKnownFileType = sourcecode.swift; path = DYZBUITestsLaunchTests.swift; sourceTree = "<group>"; };
/* End PBXFileReference section */

/* Begin PBXFrameworksBuildPhase section */
		446FEDEA29496DD400F507B2 /* Frameworks */ = {
			isa = PBXFrameworksBuildPhase;
			buildActionMask = 2147483647;
			files = (
			);
			runOnlyForDeploymentPostprocessing = 0;
		};
		446FEE0029496DD700F507B2 /* Frameworks */ = {
			isa = PBXFrameworksBuildPhase;
			buildActionMask = 2147483647;
			files = (
			);
			runOnlyForDeploymentPostprocessing = 0;
		};
		446FEE0A29496DD700F507B2 /* Frameworks */ = {
			isa = PBXFrameworksBuildPhase;
			buildActionMask = 2147483647;
			files = (
			);
			runOnlyForDeploymentPostprocessing = 0;
		};
/* End PBXFrameworksBuildPhase section */

/* Begin PBXGroup section */
		446FEDE429496DD400F507B2 = {
			isa = PBXGroup;
			children = (
				446FEDEF29496DD400F507B2 /* DYZB */,
				446FEE0629496DD700F507B2 /* DYZBTests */,
				446FEE1029496DD700F507B2 /* DYZBUITests */,
				446FEDEE29496DD400F507B2 /* Products */,
			);
			sourceTree = "<group>";
		};
		446FEDEE29496DD400F507B2 /* Products */ = {
			isa = PBXGroup;
			children = (
				446FEDED29496DD400F507B2 /* DYZB.app */,
				446FEE0329496DD700F507B2 /* DYZBTests.xctest */,
				446FEE0D29496DD700F507B2 /* DYZBUITests.xctest */,
			);
			name = Products;
			sourceTree = "<group>";
		};
		446FEDEF29496DD400F507B2 /* DYZB */ = {
			isa = PBXGroup;
			children = (
				448F6B21294AFCC1004C2601 /* Classed */,
				446FEDF029496DD400F507B2 /* AppDelegate.swift */,
				446FEDF629496DD400F507B2 /* Main.storyboard */,
				446FEDF929496DD600F507B2 /* Assets.xcassets */,
				446FEDFB29496DD600F507B2 /* LaunchScreen.storyboard */,
				446FEDFE29496DD600F507B2 /* Info.plist */,
			);
			path = DYZB;
			sourceTree = "<group>";
		};
		446FEE0629496DD700F507B2 /* DYZBTests */ = {
			isa = PBXGroup;
			children = (
				446FEE0729496DD700F507B2 /* DYZBTests.swift */,
			);
			path = DYZBTests;
			sourceTree = "<group>";
		};
		446FEE1029496DD700F507B2 /* DYZBUITests */ = {
			isa = PBXGroup;
			children = (
				446FEE1129496DD700F507B2 /* DYZBUITests.swift */,
				446FEE1329496DD700F507B2 /* DYZBUITestsLaunchTests.swift */,
			);
			path = DYZBUITests;
			sourceTree = "<group>";
		};
		448F6B21294AFCC1004C2601 /* Classed */ = {
			isa = PBXGroup;
			children = (
				448F6B26294AFD1C004C2601 /* Main */,
				448F6B25294AFD1C004C2601 /* Home */,
				448F6B27294AFD1C004C2601 /* Live */,
				448F6B24294AFD1C004C2601 /* Follow */,
				448F6B22294AFD1C004C2601 /* Profile */,
				448F6B23294AFD1C004C2601 /* Tools */,
			);
			path = Classed;
			sourceTree = "<group>";
		};
		448F6B22294AFD1C004C2601 /* Profile */ = {
			isa = PBXGroup;
			children = (
			);
			path = Profile;
			sourceTree = "<group>";
		};
		448F6B23294AFD1C004C2601 /* Tools */ = {
			isa = PBXGroup;
			children = (
			);
			path = Tools;
			sourceTree = "<group>";
		};
		448F6B24294AFD1C004C2601 /* Follow */ = {
			isa = PBXGroup;
			children = (
			);
			path = Follow;
			sourceTree = "<group>";
		};
		448F6B25294AFD1C004C2601 /* Home */ = {
			isa = PBXGroup;
			children = (
			);
			path = Home;
			sourceTree = "<group>";
		};
		448F6B26294AFD1C004C2601 /* Main */ = {
			isa = PBXGroup;
			children = (
			);
			path = Main;
			sourceTree = "<group>";
		};
		448F6B27294AFD1C004C2601 /* Live */ = {
			isa = PBXGroup;
			children = (
			);
			path = Live;
			sourceTree = "<group>";
		};
/* End PBXGroup section */

/* Begin PBXNativeTarget section */
		446FEDEC29496DD400F507B2 /* DYZB */ = {
			isa = PBXNativeTarget;
			buildConfigurationList = 446FEE1729496DD700F507B2 /* Build configuration list for PBXNativeTarget "DYZB" */;
			buildPhases = (
				446FEDE929496DD400F507B2 /* Sources */,
				446FEDEA29496DD400F507B2 /* Frameworks */,
				446FEDEB29496DD400F507B2 /* Resources */,
			);
			buildRules = (
			);
			dependencies = (
			);
			name = DYZB;
			productName = DYZB;
			productReference = 446FEDED29496DD400F507B2 /* DYZB.app */;
			productType = "com.apple.product-type.application";
		};
		446FEE0229496DD700F507B2 /* DYZBTests */ = {
			isa = PBXNativeTarget;
			buildConfigurationList = 446FEE1A29496DD700F507B2 /* Build configuration list for PBXNativeTarget "DYZBTests" */;
			buildPhases = (
				446FEDFF29496DD700F507B2 /* Sources */,
				446FEE0029496DD700F507B2 /* Frameworks */,
				446FEE0129496DD700F507B2 /* Resources */,
			);
			buildRules = (
			);
			dependencies = (
				446FEE0529496DD700F507B2 /* PBXTargetDependency */,
			);
			name = DYZBTests;
			productName = DYZBTests;
			productReference = 446FEE0329496DD700F507B2 /* DYZBTests.xctest */;
			productType = "com.apple.product-type.bundle.unit-test";
		};
		446FEE0C29496DD700F507B2 /* DYZBUITests */ = {
			isa = PBXNativeTarget;
			buildConfigurationList = 446FEE1D29496DD700F507B2 /* Build configuration list for PBXNativeTarget "DYZBUITests" */;
			buildPhases = (
				446FEE0929496DD700F507B2 /* Sources */,
				446FEE0A29496DD700F507B2 /* Frameworks */,
				446FEE0B29496DD700F507B2 /* Resources */,
			);
			buildRules = (
			);
			dependencies = (
				446FEE0F29496DD700F507B2 /* PBXTargetDependency */,
			);
			name = DYZBUITests;
			productName = DYZBUITests;
			productReference = 446FEE0D29496DD700F507B2 /* DYZBUITests.xctest */;
			productType = "com.apple.product-type.bundle.ui-testing";
		};
/* End PBXNativeTarget section */

/* Begin PBXProject section */
		446FEDE529496DD400F507B2 /* Project object */ = {
			isa = PBXProject;
			attributes = {
				BuildIndependentTargetsInParallel = 1;
				LastSwiftUpdateCheck = 1330;
				LastUpgradeCheck = 1330;
				TargetAttributes = {
					446FEDEC29496DD400F507B2 = {
						CreatedOnToolsVersion = 13.3;
					};
					446FEE0229496DD700F507B2 = {
						CreatedOnToolsVersion = 13.3;
						TestTargetID = 446FEDEC29496DD400F507B2;
					};
					446FEE0C29496DD700F507B2 = {
						CreatedOnToolsVersion = 13.3;
						TestTargetID = 446FEDEC29496DD400F507B2;
					};
				};
			};
			buildConfigurationList = 446FEDE829496DD400F507B2 /* Build configuration list for PBXProject "DYZB" */;
			compatibilityVersion = "Xcode 13.0";
			developmentRegion = en;
			hasScannedForEncodings = 0;
			knownRegions = (
				en,
				Base,
			);
			mainGroup = 446FEDE429496DD400F507B2;
			productRefGroup = 446FEDEE29496DD400F507B2 /* Products */;
			projectDirPath = "";
			projectRoot = "";
			targets = (
				446FEDEC29496DD400F507B2 /* DYZB */,
				446FEE0229496DD700F507B2 /* DYZBTests */,
				446FEE0C29496DD700F507B2 /* DYZBUITests */,
			);
		};
/* End PBXProject section */

/* Begin PBXResourcesBuildPhase section */
		446FEDEB29496DD400F507B2 /* Resources */ = {
			isa = PBXResourcesBuildPhase;
			buildActionMask = 2147483647;
			files = (
				446FEDFD29496DD600F507B2 /* LaunchScreen.storyboard in Resources */,
				446FEDFA29496DD600F507B2 /* Assets.xcassets in Resources */,
				446FEDF829496DD400F507B2 /* Main.storyboard in Resources */,
			);
			runOnlyForDeploymentPostprocessing = 0;
		};
		446FEE0129496DD700F507B2 /* Resources */ = {
			isa = PBXResourcesBuildPhase;
			buildActionMask = 2147483647;
			files = (
			);
			runOnlyForDeploymentPostprocessing = 0;
		};
		446FEE0B29496DD700F507B2 /* Resources */ = {
			isa = PBXResourcesBuildPhase;
			buildActionMask = 2147483647;
			files = (
			);
			runOnlyForDeploymentPostprocessing = 0;
		};
/* End PBXResourcesBuildPhase section */

/* Begin PBXSourcesBuildPhase section */
		446FEDE929496DD400F507B2 /* Sources */ = {
			isa = PBXSourcesBuildPhase;
			buildActionMask = 2147483647;
			files = (
				446FEDF129496DD400F507B2 /* AppDelegate.swift in Sources */,
			);
			runOnlyForDeploymentPostprocessing = 0;
		};
		446FEDFF29496DD700F507B2 /* Sources */ = {
			isa = PBXSourcesBuildPhase;
			buildActionMask = 2147483647;
			files = (
				446FEE0829496DD700F507B2 /* DYZBTests.swift in Sources */,
			);
			runOnlyForDeploymentPostprocessing = 0;
		};
		446FEE0929496DD700F507B2 /* Sources */ = {
			isa = PBXSourcesBuildPhase;
			buildActionMask = 2147483647;
			files = (
				446FEE1229496DD700F507B2 /* DYZBUITests.swift in Sources */,
				446FEE1429496DD700F507B2 /* DYZBUITestsLaunchTests.swift in Sources */,
			);
			runOnlyForDeploymentPostprocessing = 0;
		};
/* End PBXSourcesBuildPhase section */

/* Begin PBXTargetDependency section */
		446FEE0529496DD700F507B2 /* PBXTargetDependency */ = {
			isa = PBXTargetDependency;
			target = 446FEDEC29496DD400F507B2 /* DYZB */;
			targetProxy = 446FEE0429496DD700F507B2 /* PBXContainerItemProxy */;
		};
		446FEE0F29496DD700F507B2 /* PBXTargetDependency */ = {
			isa = PBXTargetDependency;
			target = 446FEDEC29496DD400F507B2 /* DYZB */;
			targetProxy = 446FEE0E29496DD700F507B2 /* PBXContainerItemProxy */;
		};
/* End PBXTargetDependency section */

/* Begin PBXVariantGroup section */
		446FEDF629496DD400F507B2 /* Main.storyboard */ = {
			isa = PBXVariantGroup;
			children = (
				446FEDF729496DD400F507B2 /* Base */,
			);
			name = Main.storyboard;
			sourceTree = "<group>";
		};
		446FEDFB29496DD600F507B2 /* LaunchScreen.storyboard */ = {
			isa = PBXVariantGroup;
			children = (
				446FEDFC29496DD600F507B2 /* Base */,
			);
			name = LaunchScreen.storyboard;
			sourceTree = "<group>";
		};
/* End PBXVariantGroup section */

/* Begin XCBuildConfiguration section */
		446FEE1529496DD700F507B2 /* Debug */ = {
			isa = XCBuildConfiguration;
			buildSettings = {
				ALWAYS_SEARCH_USER_PATHS = NO;
				CLANG_ANALYZER_NONNULL = YES;
				CLANG_ANALYZER_NUMBER_OBJECT_CONVERSION = YES_AGGRESSIVE;
				CLANG_CXX_LANGUAGE_STANDARD = "gnu++17";
				CLANG_ENABLE_MODULES = YES;
				CLANG_ENABLE_OBJC_ARC = YES;
				CLANG_ENABLE_OBJC_WEAK = YES;
				CLANG_WARN_BLOCK_CAPTURE_AUTORELEASING = YES;
				CLANG_WARN_BOOL_CONVERSION = YES;
				CLANG_WARN_COMMA = YES;
				CLANG_WARN_CONSTANT_CONVERSION = YES;
				CLANG_WARN_DEPRECATED_OBJC_IMPLEMENTATIONS = YES;
				CLANG_WARN_DIRECT_OBJC_ISA_USAGE = YES_ERROR;
				CLANG_WARN_DOCUMENTATION_COMMENTS = YES;
				CLANG_WARN_EMPTY_BODY = YES;
				CLANG_WARN_ENUM_CONVERSION = YES;
				CLANG_WARN_INFINITE_RECURSION = YES;
				CLANG_WARN_INT_CONVERSION = YES;
				CLANG_WARN_NON_LITERAL_NULL_CONVERSION = YES;
				CLANG_WARN_OBJC_IMPLICIT_RETAIN_SELF = YES;
				CLANG_WARN_OBJC_LITERAL_CONVERSION = YES;
				CLANG_WARN_OBJC_ROOT_CLASS = YES_ERROR;
				CLANG_WARN_QUOTED_INCLUDE_IN_FRAMEWORK_HEADER = YES;
				CLANG_WARN_RANGE_LOOP_ANALYSIS = YES;
				CLANG_WARN_STRICT_PROTOTYPES = YES;
				CLANG_WARN_SUSPICIOUS_MOVE = YES;
				CLANG_WARN_UNGUARDED_AVAILABILITY = YES_AGGRESSIVE;
				CLANG_WARN_UNREACHABLE_CODE = YES;
				CLANG_WARN__DUPLICATE_METHOD_MATCH = YES;
				COPY_PHASE_STRIP = NO;
				DEBUG_INFORMATION_FORMAT = dwarf;
				ENABLE_STRICT_OBJC_MSGSEND = YES;
				ENABLE_TESTABILITY = YES;
				GCC_C_LANGUAGE_STANDARD = gnu11;
				GCC_DYNAMIC_NO_PIC = NO;
				GCC_NO_COMMON_BLOCKS = YES;
				GCC_OPTIMIZATION_LEVEL = 0;
				GCC_PREPROCESSOR_DEFINITIONS = (
					"DEBUG=1",
					"$(inherited)",
				);
				GCC_WARN_64_TO_32_BIT_CONVERSION = YES;
				GCC_WARN_ABOUT_RETURN_TYPE = YES_ERROR;
				GCC_WARN_UNDECLARED_SELECTOR = YES;
				GCC_WARN_UNINITIALIZED_AUTOS = YES_AGGRESSIVE;
				GCC_WARN_UNUSED_FUNCTION = YES;
				GCC_WARN_UNUSED_VARIABLE = YES;
				IPHONEOS_DEPLOYMENT_TARGET = 15.4;
				MTL_ENABLE_DEBUG_INFO = INCLUDE_SOURCE;
				MTL_FAST_MATH = YES;
				ONLY_ACTIVE_ARCH = YES;
				SDKROOT = iphoneos;
				SWIFT_ACTIVE_COMPILATION_CONDITIONS = DEBUG;
				SWIFT_OPTIMIZATION_LEVEL = "-Onone";
			};
			name = Debug;
		};
		446FEE1629496DD700F507B2 /* Release */ = {
			isa = XCBuildConfiguration;
			buildSettings = {
				ALWAYS_SEARCH_USER_PATHS = NO;
				CLANG_ANALYZER_NONNULL = YES;
				CLANG_ANALYZER_NUMBER_OBJECT_CONVERSION = YES_AGGRESSIVE;
				CLANG_CXX_LANGUAGE_STANDARD = "gnu++17";
				CLANG_ENABLE_MODULES = YES;
				CLANG_ENABLE_OBJC_ARC = YES;
				CLANG_ENABLE_OBJC_WEAK = YES;
				CLANG_WARN_BLOCK_CAPTURE_AUTORELEASING = YES;
				CLANG_WARN_BOOL_CONVERSION = YES;
				CLANG_WARN_COMMA = YES;
				CLANG_WARN_CONSTANT_CONVERSION = YES;
				CLANG_WARN_DEPRECATED_OBJC_IMPLEMENTATIONS = YES;
				CLANG_WARN_DIRECT_OBJC_ISA_USAGE = YES_ERROR;
				CLANG_WARN_DOCUMENTATION_COMMENTS = YES;
				CLANG_WARN_EMPTY_BODY = YES;
				CLANG_WARN_ENUM_CONVERSION = YES;
				CLANG_WARN_INFINITE_RECURSION = YES;
				CLANG_WARN_INT_CONVERSION = YES;
				CLANG_WARN_NON_LITERAL_NULL_CONVERSION = YES;
				CLANG_WARN_OBJC_IMPLICIT_RETAIN_SELF = YES;
				CLANG_WARN_OBJC_LITERAL_CONVERSION = YES;
				CLANG_WARN_OBJC_ROOT_CLASS = YES_ERROR;
				CLANG_WARN_QUOTED_INCLUDE_IN_FRAMEWORK_HEADER = YES;
				CLANG_WARN_RANGE_LOOP_ANALYSIS = YES;
				CLANG_WARN_STRICT_PROTOTYPES = YES;
				CLANG_WARN_SUSPICIOUS_MOVE = YES;
				CLANG_WARN_UNGUARDED_AVAILABILITY = YES_AGGRESSIVE;
				CLANG_WARN_UNREACHABLE_CODE = YES;
				CLANG_WARN__DUPLICATE_METHOD_MATCH = YES;
				COPY_PHASE_STRIP = NO;
				DEBUG_INFORMATION_FORMAT = "dwarf-with-dsym";
				ENABLE_NS_ASSERTIONS = NO;
				ENABLE_STRICT_OBJC_MSGSEND = YES;
				GCC_C_LANGUAGE_STANDARD = gnu11;
				GCC_NO_COMMON_BLOCKS = YES;
				GCC_WARN_64_TO_32_BIT_CONVERSION = YES;
				GCC_WARN_ABOUT_RETURN_TYPE = YES_ERROR;
				GCC_WARN_UNDECLARED_SELECTOR = YES;
				GCC_WARN_UNINITIALIZED_AUTOS = YES_AGGRESSIVE;
				GCC_WARN_UNUSED_FUNCTION = YES;
				GCC_WARN_UNUSED_VARIABLE = YES;
				IPHONEOS_DEPLOYMENT_TARGET = 15.4;
				MTL_ENABLE_DEBUG_INFO = NO;
				MTL_FAST_MATH = YES;
				SDKROOT = iphoneos;
				SWIFT_COMPILATION_MODE = wholemodule;
				SWIFT_OPTIMIZATION_LEVEL = "-O";
				VALIDATE_PRODUCT = YES;
			};
			name = Release;
		};
		446FEE1829496DD700F507B2 /* Debug */ = {
			isa = XCBuildConfiguration;
			buildSettings = {
				ASSETCATALOG_COMPILER_APPICON_NAME = AppIcon;
				ASSETCATALOG_COMPILER_GLOBAL_ACCENT_COLOR_NAME = AccentColor;
				CODE_SIGN_STYLE = Automatic;
				CURRENT_PROJECT_VERSION = 1;
				DEVELOPMENT_TEAM = 5X7L8AJNG9;
				GENERATE_INFOPLIST_FILE = YES;
				INFOPLIST_FILE = DYZB/Info.plist;
				INFOPLIST_KEY_UIApplicationSupportsIndirectInputEvents = YES;
				INFOPLIST_KEY_UILaunchStoryboardName = LaunchScreen;
				INFOPLIST_KEY_UIMainStoryboardFile = Main;
				INFOPLIST_KEY_UISupportedInterfaceOrientations_iPad = "UIInterfaceOrientationPortrait UIInterfaceOrientationPortraitUpsideDown UIInterfaceOrientationLandscapeLeft UIInterfaceOrientationLandscapeRight";
				INFOPLIST_KEY_UISupportedInterfaceOrientations_iPhone = "UIInterfaceOrientationPortrait UIInterfaceOrientationLandscapeLeft UIInterfaceOrientationLandscapeRight";
				LD_RUNPATH_SEARCH_PATHS = (
					"$(inherited)",
					"@executable_path/Frameworks",
				);
				MARKETING_VERSION = 1.0;
				PRODUCT_BUNDLE_IDENTIFIER = leijunbo.DYZB;
				PRODUCT_NAME = "$(TARGET_NAME)";
				SWIFT_EMIT_LOC_STRINGS = YES;
				SWIFT_VERSION = 5.0;
				TARGETED_DEVICE_FAMILY = "1,2";
			};
			name = Debug;
		};
		446FEE1929496DD700F507B2 /* Release */ = {
			isa = XCBuildConfiguration;
			buildSettings = {
				ASSETCATALOG_COMPILER_APPICON_NAME = AppIcon;
				ASSETCATALOG_COMPILER_GLOBAL_ACCENT_COLOR_NAME = AccentColor;
				CODE_SIGN_STYLE = Automatic;
				CURRENT_PROJECT_VERSION = 1;
				DEVELOPMENT_TEAM = 5X7L8AJNG9;
				GENERATE_INFOPLIST_FILE = YES;
				INFOPLIST_FILE = DYZB/Info.plist;
				INFOPLIST_KEY_UIApplicationSupportsIndirectInputEvents = YES;
				INFOPLIST_KEY_UILaunchStoryboardName = LaunchScreen;
				INFOPLIST_KEY_UIMainStoryboardFile = Main;
				INFOPLIST_KEY_UISupportedInterfaceOrientations_iPad = "UIInterfaceOrientationPortrait UIInterfaceOrientationPortraitUpsideDown UIInterfaceOrientationLandscapeLeft UIInterfaceOrientationLandscapeRight";
				INFOPLIST_KEY_UISupportedInterfaceOrientations_iPhone = "UIInterfaceOrientationPortrait UIInterfaceOrientationLandscapeLeft UIInterfaceOrientationLandscapeRight";
				LD_RUNPATH_SEARCH_PATHS = (
					"$(inherited)",
					"@executable_path/Frameworks",
				);
				MARKETING_VERSION = 1.0;
				PRODUCT_BUNDLE_IDENTIFIER = leijunbo.DYZB;
				PRODUCT_NAME = "$(TARGET_NAME)";
				SWIFT_EMIT_LOC_STRINGS = YES;
				SWIFT_VERSION = 5.0;
				TARGETED_DEVICE_FAMILY = "1,2";
			};
			name = Release;
		};
		446FEE1B29496DD700F507B2 /* Debug */ = {
			isa = XCBuildConfiguration;
			buildSettings = {
				ALWAYS_EMBED_SWIFT_STANDARD_LIBRARIES = YES;
				BUNDLE_LOADER = "$(TEST_HOST)";
				CODE_SIGN_STYLE = Automatic;
				CURRENT_PROJECT_VERSION = 1;
				DEVELOPMENT_TEAM = 5X7L8AJNG9;
				GENERATE_INFOPLIST_FILE = YES;
				IPHONEOS_DEPLOYMENT_TARGET = 15.4;
				MARKETING_VERSION = 1.0;
				PRODUCT_BUNDLE_IDENTIFIER = leijunbo.DYZBTests;
				PRODUCT_NAME = "$(TARGET_NAME)";
				SWIFT_EMIT_LOC_STRINGS = NO;
				SWIFT_VERSION = 5.0;
				TARGETED_DEVICE_FAMILY = "1,2";
				TEST_HOST = "$(BUILT_PRODUCTS_DIR)/DYZB.app/DYZB";
			};
			name = Debug;
		};
		446FEE1C29496DD700F507B2 /* Release */ = {
			isa = XCBuildConfiguration;
			buildSettings = {
				ALWAYS_EMBED_SWIFT_STANDARD_LIBRARIES = YES;
				BUNDLE_LOADER = "$(TEST_HOST)";
				CODE_SIGN_STYLE = Automatic;
				CURRENT_PROJECT_VERSION = 1;
				DEVELOPMENT_TEAM = 5X7L8AJNG9;
				GENERATE_INFOPLIST_FILE = YES;
				IPHONEOS_DEPLOYMENT_TARGET = 15.4;
				MARKETING_VERSION = 1.0;
				PRODUCT_BUNDLE_IDENTIFIER = leijunbo.DYZBTests;
				PRODUCT_NAME = "$(TARGET_NAME)";
				SWIFT_EMIT_LOC_STRINGS = NO;
				SWIFT_VERSION = 5.0;
				TARGETED_DEVICE_FAMILY = "1,2";
				TEST_HOST = "$(BUILT_PRODUCTS_DIR)/DYZB.app/DYZB";
			};
			name = Release;
		};
		446FEE1E29496DD700F507B2 /* Debug */ = {
			isa = XCBuildConfiguration;
			buildSettings = {
				ALWAYS_EMBED_SWIFT_STANDARD_LIBRARIES = YES;
				CODE_SIGN_STYLE = Automatic;
				CURRENT_PROJECT_VERSION = 1;
				DEVELOPMENT_TEAM = 5X7L8AJNG9;
				GENERATE_INFOPLIST_FILE = YES;
				MARKETING_VERSION = 1.0;
				PRODUCT_BUNDLE_IDENTIFIER = leijunbo.DYZBUITests;
				PRODUCT_NAME = "$(TARGET_NAME)";
				SWIFT_EMIT_LOC_STRINGS = NO;
				SWIFT_VERSION = 5.0;
				TARGETED_DEVICE_FAMILY = "1,2";
				TEST_TARGET_NAME = DYZB;
			};
			name = Debug;
		};
		446FEE1F29496DD700F507B2 /* Release */ = {
			isa = XCBuildConfiguration;
			buildSettings = {
				ALWAYS_EMBED_SWIFT_STANDARD_LIBRARIES = YES;
				CODE_SIGN_STYLE = Automatic;
				CURRENT_PROJECT_VERSION = 1;
				DEVELOPMENT_TEAM = 5X7L8AJNG9;
				GENERATE_INFOPLIST_FILE = YES;
				MARKETING_VERSION = 1.0;
				PRODUCT_BUNDLE_IDENTIFIER = leijunbo.DYZBUITests;
				PRODUCT_NAME = "$(TARGET_NAME)";
				SWIFT_EMIT_LOC_STRINGS = NO;
				SWIFT_VERSION = 5.0;
				TARGETED_DEVICE_FAMILY = "1,2";
				TEST_TARGET_NAME = DYZB;
			};
			name = Release;
		};
/* End XCBuildConfiguration section */

/* Begin XCConfigurationList section */
		446FEDE829496DD400F507B2 /* Build configuration list for PBXProject "DYZB" */ = {
			isa = XCConfigurationList;
			buildConfigurations = (
				446FEE1529496DD700F507B2 /* Debug */,
				446FEE1629496DD700F507B2 /* Release */,
			);
			defaultConfigurationIsVisible = 0;
			defaultConfigurationName = Release;
		};
		446FEE1729496DD700F507B2 /* Build configuration list for PBXNativeTarget "DYZB" */ = {
			isa = XCConfigurationList;
			buildConfigurations = (
				446FEE1829496DD700F507B2 /* Debug */,
				446FEE1929496DD700F507B2 /* Release */,
			);
			defaultConfigurationIsVisible = 0;
			defaultConfigurationName = Release;
		};
		446FEE1A29496DD700F507B2 /* Build configuration list for PBXNativeTarget "DYZBTests" */ = {
			isa = XCConfigurationList;
			buildConfigurations = (
				446FEE1B29496DD700F507B2 /* Debug */,
				446FEE1C29496DD700F507B2 /* Release */,
			);
			defaultConfigurationIsVisible = 0;
			defaultConfigurationName = Release;
		};
		446FEE1D29496DD700F507B2 /* Build configuration list for PBXNativeTarget "DYZBUITests" */ = {
			isa = XCConfigurationList;
			buildConfigurations = (
				446FEE1E29496DD700F507B2 /* Debug */,
				446FEE1F29496DD700F507B2 /* Release */,
			);
			defaultConfigurationIsVisible = 0;
			defaultConfigurationName = Release;
		};
/* End XCConfigurationList section */
	};
	rootObject = 446FEDE529496DD400F507B2 /* Project object */;
}
